
Microsoft Visual Studio Solution File, Format Version 12.00
# Visual Studio Version 17
VisualStudioVersion = 17.5.002.0
MinimumVisualStudioVersion = 10.0.40219.1
Project("{9A19103F-16F7-4668-BE54-9A1E7A4F7556}") = "Task3", "Task3.csproj", "{AC60C199-54A9-4B4E-A7DD-7B68083CC565}"
EndProject
Global
	GlobalSection(SolutionConfigurationPlatforms) = preSolution
		Debug|Any CPU = Debug|Any CPU
		Release|Any CPU = Release|Any CPU
	EndGlobalSection
	GlobalSection(ProjectConfigurationPlatforms) = postSolution
		{AC60C199-54A9-4B4E-A7DD-7B68083CC565}.Debug|Any CPU.ActiveCfg = Debug|Any CPU
		{AC60C199-54A9-4B4E-A7DD-7B68083CC565}.Debug|Any CPU.Build.0 = Debug|Any CPU
		{AC60C199-54A9-4B4E-A7DD-7B68083CC565}.Release|Any CPU.ActiveCfg = Release|Any CPU
		{AC60C199-54A9-4B4E-A7DD-7B68083CC565}.Release|Any CPU.Build.0 = Release|Any CPU
	EndGlobalSection
	GlobalSection(SolutionProperties) = preSolution
		HideSolutionNode = FALSE
	EndGlobalSection
	GlobalSection(ExtensibilityGlobals) = postSolution
		SolutionGuid = {CBCCE1D9-7B66-4C7D-B7E3-419B7BCE5AE7}
	EndGlobalSection
EndGlobal
