
Microsoft Visual Studio Solution File, Format Version 12.00
# Visual Studio Version 17
VisualStudioVersion = 17.5.002.0
MinimumVisualStudioVersion = 10.0.40219.1
Project("{9A19103F-16F7-4668-BE54-9A1E7A4F7556}") = "Task4", "Task4.csproj", "{AFB3C7D8-4056-4221-A147-228342234452}"
EndProject
Global
	GlobalSection(SolutionConfigurationPlatforms) = preSolution
		Debug|Any CPU = Debug|Any CPU
		Release|Any CPU = Release|Any CPU
	EndGlobalSection
	GlobalSection(ProjectConfigurationPlatforms) = postSolution
		{AFB3C7D8-4056-4221-A147-228342234452}.Debug|Any CPU.ActiveCfg = Debug|Any CPU
		{AFB3C7D8-4056-4221-A147-228342234452}.Debug|Any CPU.Build.0 = Debug|Any CPU
		{AFB3C7D8-4056-4221-A147-228342234452}.Release|Any CPU.ActiveCfg = Release|Any CPU
		{AFB3C7D8-4056-4221-A147-228342234452}.Release|Any CPU.Build.0 = Release|Any CPU
	EndGlobalSection
	GlobalSection(SolutionProperties) = preSolution
		HideSolutionNode = FALSE
	EndGlobalSection
	GlobalSection(ExtensibilityGlobals) = postSolution
		SolutionGuid = {88355975-F67C-4316-AB91-D2501402C806}
	EndGlobalSection
EndGlobal
