
Microsoft Visual Studio Solution File, Format Version 12.00
# Visual Studio Version 17
VisualStudioVersion = 17.5.002.0
MinimumVisualStudioVersion = 10.0.40219.1
Project("{9A19103F-16F7-4668-BE54-9A1E7A4F7556}") = "Task1", "Task1.csproj", "{853DDD56-B534-4703-8D16-1F16B1133C4E}"
EndProject
Global
	GlobalSection(SolutionConfigurationPlatforms) = preSolution
		Debug|Any CPU = Debug|Any CPU
		Release|Any CPU = Release|Any CPU
	EndGlobalSection
	GlobalSection(ProjectConfigurationPlatforms) = postSolution
		{853DDD56-B534-4703-8D16-1F16B1133C4E}.Debug|Any CPU.ActiveCfg = Debug|Any CPU
		{853DDD56-B534-4703-8D16-1F16B1133C4E}.Debug|Any CPU.Build.0 = Debug|Any CPU
		{853DDD56-B534-4703-8D16-1F16B1133C4E}.Release|Any CPU.ActiveCfg = Release|Any CPU
		{853DDD56-B534-4703-8D16-1F16B1133C4E}.Release|Any CPU.Build.0 = Release|Any CPU
	EndGlobalSection
	GlobalSection(SolutionProperties) = preSolution
		HideSolutionNode = FALSE
	EndGlobalSection
	GlobalSection(ExtensibilityGlobals) = postSolution
		SolutionGuid = {3F072952-6C18-44B1-A694-C8EBA5EBB5DB}
	EndGlobalSection
EndGlobal
