
Microsoft Visual Studio Solution File, Format Version 12.00
# Visual Studio Version 17
VisualStudioVersion = 17.5.002.0
MinimumVisualStudioVersion = 10.0.40219.1
Project("{9A19103F-16F7-4668-BE54-9A1E7A4F7556}") = "Task1", "Task1.csproj", "{4048C178-048C-4D01-9E15-0837383E9F19}"
EndProject
Global
	GlobalSection(SolutionConfigurationPlatforms) = preSolution
		Debug|Any CPU = Debug|Any CPU
		Release|Any CPU = Release|Any CPU
	EndGlobalSection
	GlobalSection(ProjectConfigurationPlatforms) = postSolution
		{4048C178-048C-4D01-9E15-0837383E9F19}.Debug|Any CPU.ActiveCfg = Debug|Any CPU
		{4048C178-048C-4D01-9E15-0837383E9F19}.Debug|Any CPU.Build.0 = Debug|Any CPU
		{4048C178-048C-4D01-9E15-0837383E9F19}.Release|Any CPU.ActiveCfg = Release|Any CPU
		{4048C178-048C-4D01-9E15-0837383E9F19}.Release|Any CPU.Build.0 = Release|Any CPU
	EndGlobalSection
	GlobalSection(SolutionProperties) = preSolution
		HideSolutionNode = FALSE
	EndGlobalSection
	GlobalSection(ExtensibilityGlobals) = postSolution
		SolutionGuid = {B012C718-9395-4144-8F38-80E42468FC7E}
	EndGlobalSection
EndGlobal
